// !$*UTF8*$!
{
	archiveVersion = 1;
	classes = {
	};
	objectVersion = 55;
	objects = {

/* Begin PBXBuildFile section */
		4983CA99284D206500F7FBE6 /* FinzApp.swift in Sources */ = {isa = PBXBuildFile; fileRef = 4983CA98284D206500F7FBE6 /* FinzApp.swift */; };
		4983CA9B284D206500F7FBE6 /* ContentView.swift in Sources */ = {isa = PBXBuildFile; fileRef = 4983CA9A284D206500F7FBE6 /* ContentView.swift */; };
		4983CA9D284D206600F7FBE6 /* Assets.xcassets in Resources */ = {isa = PBXBuildFile; fileRef = 4983CA9C284D206600F7FBE6 /* Assets.xcassets */; };
		4983CAA0284D206600F7FBE6 /* Preview Assets.xcassets in Resources */ = {isa = PBXBuildFile; fileRef = 4983CA9F284D206600F7FBE6 /* Preview Assets.xcassets */; };
		4983CAAA284D206600F7FBE6 /* FinzTests.swift in Sources */ = {isa = PBXBuildFile; fileRef = 4983CAA9284D206600F7FBE6 /* FinzTests.swift */; };
		4983CAB4284D206600F7FBE6 /* FinzUITests.swift in Sources */ = {isa = PBXBuildFile; fileRef = 4983CAB3284D206600F7FBE6 /* FinzUITests.swift */; };
		4983CAB6284D206600F7FBE6 /* FinzUITestsLaunchTests.swift in Sources */ = {isa = PBXBuildFile; fileRef = 4983CAB5284D206600F7FBE6 /* FinzUITestsLaunchTests.swift */; };
		4983CAC4284D314600F7FBE6 /* GRDB in Frameworks */ = {isa = PBXBuildFile; productRef = 4983CAC3284D314600F7FBE6 /* GRDB */; };
		4983CAC8284D34FE00F7FBE6 /* Account.swift in Sources */ = {isa = PBXBuildFile; fileRef = 4983CAC7284D34FE00F7FBE6 /* Account.swift */; };
		4983CACB284D497900F7FBE6 /* GRDBQuery in Frameworks */ = {isa = PBXBuildFile; productRef = 4983CACA284D497900F7FBE6 /* GRDBQuery */; };
		4983CACE284D504200F7FBE6 /* Pulse in Frameworks */ = {isa = PBXBuildFile; productRef = 4983CACD284D504200F7FBE6 /* Pulse */; };
		4983CAD0284D504200F7FBE6 /* PulseCore in Frameworks */ = {isa = PBXBuildFile; productRef = 4983CACF284D504200F7FBE6 /* PulseCore */; };
		4983CAD2284D504200F7FBE6 /* PulseUI in Frameworks */ = {isa = PBXBuildFile; productRef = 4983CAD1284D504200F7FBE6 /* PulseUI */; };
		4983CAD4284D530600F7FBE6 /* Category.swift in Sources */ = {isa = PBXBuildFile; fileRef = 4983CAD3284D530600F7FBE6 /* Category.swift */; };
		4983CAD6284D533A00F7FBE6 /* Transaction.swift in Sources */ = {isa = PBXBuildFile; fileRef = 4983CAD5284D533A00F7FBE6 /* Transaction.swift */; };
		4983CAD8284D749B00F7FBE6 /* AppDelegate.swift in Sources */ = {isa = PBXBuildFile; fileRef = 4983CAD7284D749B00F7FBE6 /* AppDelegate.swift */; };
		4983CADC284D7CE600F7FBE6 /* Database.swift in Sources */ = {isa = PBXBuildFile; fileRef = 4983CADB284D7CE600F7FBE6 /* Database.swift */; };
		49C99002285135E60057B302 /* AssetsView.swift in Sources */ = {isa = PBXBuildFile; fileRef = 49C99001285135E60057B302 /* AssetsView.swift */; };
		49C990042851364E0057B302 /* BottomTabView.swift in Sources */ = {isa = PBXBuildFile; fileRef = 49C990032851364E0057B302 /* BottomTabView.swift */; };
		49C99006285137540057B302 /* SettingsView.swift in Sources */ = {isa = PBXBuildFile; fileRef = 49C99005285137540057B302 /* SettingsView.swift */; };
		49C9900828513B270057B302 /* TransactionsView.swift in Sources */ = {isa = PBXBuildFile; fileRef = 49C9900728513B270057B302 /* TransactionsView.swift */; };
		49C9900C28513BF00057B302 /* AnalyticsView.swift in Sources */ = {isa = PBXBuildFile; fileRef = 49C9900B28513BF00057B302 /* AnalyticsView.swift */; };
/* End PBXBuildFile section */

/* Begin PBXContainerItemProxy section */
		4983CAA6284D206600F7FBE6 /* PBXContainerItemProxy */ = {
			isa = PBXContainerItemProxy;
			containerPortal = 4983CA8D284D206500F7FBE6 /* Project object */;
			proxyType = 1;
			remoteGlobalIDString = 4983CA94284D206500F7FBE6;
			remoteInfo = Finz;
		};
		4983CAB0284D206600F7FBE6 /* PBXContainerItemProxy */ = {
			isa = PBXContainerItemProxy;
			containerPortal = 4983CA8D284D206500F7FBE6 /* Project object */;
			proxyType = 1;
			remoteGlobalIDString = 4983CA94284D206500F7FBE6;
			remoteInfo = Finz;
		};
/* End PBXContainerItemProxy section */

/* Begin PBXFileReference section */
		4983CA95284D206500F7FBE6 /* Finz.app */ = {isa = PBXFileReference; explicitFileType = wrapper.application; includeInIndex = 0; path = Finz.app; sourceTree = BUILT_PRODUCTS_DIR; };
		4983CA98284D206500F7FBE6 /* FinzApp.swift */ = {isa = PBXFileReference; lastKnownFileType = sourcecode.swift; path = FinzApp.swift; sourceTree = "<group>"; };
		4983CA9A284D206500F7FBE6 /* ContentView.swift */ = {isa = PBXFileReference; lastKnownFileType = sourcecode.swift; path = ContentView.swift; sourceTree = "<group>"; };
		4983CA9C284D206600F7FBE6 /* Assets.xcassets */ = {isa = PBXFileReference; lastKnownFileType = folder.assetcatalog; path = Assets.xcassets; sourceTree = "<group>"; };
		4983CA9F284D206600F7FBE6 /* Preview Assets.xcassets */ = {isa = PBXFileReference; lastKnownFileType = folder.assetcatalog; path = "Preview Assets.xcassets"; sourceTree = "<group>"; };
		4983CAA5284D206600F7FBE6 /* FinzTests.xctest */ = {isa = PBXFileReference; explicitFileType = wrapper.cfbundle; includeInIndex = 0; path = FinzTests.xctest; sourceTree = BUILT_PRODUCTS_DIR; };
		4983CAA9284D206600F7FBE6 /* FinzTests.swift */ = {isa = PBXFileReference; lastKnownFileType = sourcecode.swift; path = FinzTests.swift; sourceTree = "<group>"; };
		4983CAAF284D206600F7FBE6 /* FinzUITests.xctest */ = {isa = PBXFileReference; explicitFileType = wrapper.cfbundle; includeInIndex = 0; path = FinzUITests.xctest; sourceTree = BUILT_PRODUCTS_DIR; };
		4983CAB3284D206600F7FBE6 /* FinzUITests.swift */ = {isa = PBXFileReference; lastKnownFileType = sourcecode.swift; path = FinzUITests.swift; sourceTree = "<group>"; };
		4983CAB5284D206600F7FBE6 /* FinzUITestsLaunchTests.swift */ = {isa = PBXFileReference; lastKnownFileType = sourcecode.swift; path = FinzUITestsLaunchTests.swift; sourceTree = "<group>"; };
		4983CAC7284D34FE00F7FBE6 /* Account.swift */ = {isa = PBXFileReference; lastKnownFileType = sourcecode.swift; path = Account.swift; sourceTree = "<group>"; };
		4983CAD3284D530600F7FBE6 /* Category.swift */ = {isa = PBXFileReference; lastKnownFileType = sourcecode.swift; path = Category.swift; sourceTree = "<group>"; };
		4983CAD5284D533A00F7FBE6 /* Transaction.swift */ = {isa = PBXFileReference; lastKnownFileType = sourcecode.swift; path = Transaction.swift; sourceTree = "<group>"; };
		4983CAD7284D749B00F7FBE6 /* AppDelegate.swift */ = {isa = PBXFileReference; lastKnownFileType = sourcecode.swift; path = AppDelegate.swift; sourceTree = "<group>"; };
		4983CAD9284D783E00F7FBE6 /* Info.plist */ = {isa = PBXFileReference; lastKnownFileType = text.plist; path = Info.plist; sourceTree = "<group>"; };
		4983CADB284D7CE600F7FBE6 /* Database.swift */ = {isa = PBXFileReference; lastKnownFileType = sourcecode.swift; path = Database.swift; sourceTree = "<group>"; };
		49C99001285135E60057B302 /* AssetsView.swift */ = {isa = PBXFileReference; lastKnownFileType = sourcecode.swift; path = AssetsView.swift; sourceTree = "<group>"; };
		49C990032851364E0057B302 /* BottomTabView.swift */ = {isa = PBXFileReference; lastKnownFileType = sourcecode.swift; path = BottomTabView.swift; sourceTree = "<group>"; };
		49C99005285137540057B302 /* SettingsView.swift */ = {isa = PBXFileReference; lastKnownFileType = sourcecode.swift; path = SettingsView.swift; sourceTree = "<group>"; };
		49C9900728513B270057B302 /* TransactionsView.swift */ = {isa = PBXFileReference; lastKnownFileType = sourcecode.swift; path = TransactionsView.swift; sourceTree = "<group>"; };
		49C9900B28513BF00057B302 /* AnalyticsView.swift */ = {isa = PBXFileReference; lastKnownFileType = sourcecode.swift; path = AnalyticsView.swift; sourceTree = "<group>"; };
/* End PBXFileReference section */

/* Begin PBXFrameworksBuildPhase section */
		4983CA92284D206500F7FBE6 /* Frameworks */ = {
			isa = PBXFrameworksBuildPhase;
			buildActionMask = 2147483647;
			files = (
				4983CACE284D504200F7FBE6 /* Pulse in Frameworks */,
				4983CAD2284D504200F7FBE6 /* PulseUI in Frameworks */,
				4983CACB284D497900F7FBE6 /* GRDBQuery in Frameworks */,
				4983CAC4284D314600F7FBE6 /* GRDB in Frameworks */,
				4983CAD0284D504200F7FBE6 /* PulseCore in Frameworks */,
			);
			runOnlyForDeploymentPostprocessing = 0;
		};
		4983CAA2284D206600F7FBE6 /* Frameworks */ = {
			isa = PBXFrameworksBuildPhase;
			buildActionMask = 2147483647;
			files = (
			);
			runOnlyForDeploymentPostprocessing = 0;
		};
		4983CAAC284D206600F7FBE6 /* Frameworks */ = {
			isa = PBXFrameworksBuildPhase;
			buildActionMask = 2147483647;
			files = (
			);
			runOnlyForDeploymentPostprocessing = 0;
		};
/* End PBXFrameworksBuildPhase section */

/* Begin PBXGroup section */
		4907CC08284FF11E00426281 /* Views */ = {
			isa = PBXGroup;
			children = (
				49C99001285135E60057B302 /* AssetsView.swift */,
				49C990032851364E0057B302 /* BottomTabView.swift */,
				49C99005285137540057B302 /* SettingsView.swift */,
				49C9900728513B270057B302 /* TransactionsView.swift */,
				49C9900B28513BF00057B302 /* AnalyticsView.swift */,
			);
			path = Views;
			sourceTree = "<group>";
		};
		4983CA8C284D206500F7FBE6 = {
			isa = PBXGroup;
			children = (
				4983CA97284D206500F7FBE6 /* Finz */,
				4983CAA8284D206600F7FBE6 /* FinzTests */,
				4983CAB2284D206600F7FBE6 /* FinzUITests */,
				4983CA96284D206500F7FBE6 /* Products */,
			);
			sourceTree = "<group>";
		};
		4983CA96284D206500F7FBE6 /* Products */ = {
			isa = PBXGroup;
			children = (
				4983CA95284D206500F7FBE6 /* Finz.app */,
				4983CAA5284D206600F7FBE6 /* FinzTests.xctest */,
				4983CAAF284D206600F7FBE6 /* FinzUITests.xctest */,
			);
			name = Products;
			sourceTree = "<group>";
		};
		4983CA97284D206500F7FBE6 /* Finz */ = {
			isa = PBXGroup;
			children = (
				4907CC08284FF11E00426281 /* Views */,
				4983CADA284D7CD500F7FBE6 /* Services */,
				4983CAD9284D783E00F7FBE6 /* Info.plist */,
				4983CAC6284D34EC00F7FBE6 /* Models */,
				4983CAC5284D34D800F7FBE6 /* Components */,
				4983CA98284D206500F7FBE6 /* FinzApp.swift */,
				4983CA9A284D206500F7FBE6 /* ContentView.swift */,
				4983CA9C284D206600F7FBE6 /* Assets.xcassets */,
				4983CA9E284D206600F7FBE6 /* Preview Content */,
				4983CAD7284D749B00F7FBE6 /* AppDelegate.swift */,
			);
			path = Finz;
			sourceTree = "<group>";
		};
		4983CA9E284D206600F7FBE6 /* Preview Content */ = {
			isa = PBXGroup;
			children = (
				4983CA9F284D206600F7FBE6 /* Preview Assets.xcassets */,
			);
			path = "Preview Content";
			sourceTree = "<group>";
		};
		4983CAA8284D206600F7FBE6 /* FinzTests */ = {
			isa = PBXGroup;
			children = (
				4983CAA9284D206600F7FBE6 /* FinzTests.swift */,
			);
			path = FinzTests;
			sourceTree = "<group>";
		};
		4983CAB2284D206600F7FBE6 /* FinzUITests */ = {
			isa = PBXGroup;
			children = (
				4983CAB3284D206600F7FBE6 /* FinzUITests.swift */,
				4983CAB5284D206600F7FBE6 /* FinzUITestsLaunchTests.swift */,
			);
			path = FinzUITests;
			sourceTree = "<group>";
		};
		4983CAC5284D34D800F7FBE6 /* Components */ = {
			isa = PBXGroup;
			children = (
			);
			path = Components;
			sourceTree = "<group>";
		};
		4983CAC6284D34EC00F7FBE6 /* Models */ = {
			isa = PBXGroup;
			children = (
				4983CAC7284D34FE00F7FBE6 /* Account.swift */,
				4983CAD3284D530600F7FBE6 /* Category.swift */,
				4983CAD5284D533A00F7FBE6 /* Transaction.swift */,
			);
			path = Models;
			sourceTree = "<group>";
		};
		4983CADA284D7CD500F7FBE6 /* Services */ = {
			isa = PBXGroup;
			children = (
				4983CADB284D7CE600F7FBE6 /* Database.swift */,
			);
			path = Services;
			sourceTree = "<group>";
		};
/* End PBXGroup section */

/* Begin PBXNativeTarget section */
		4983CA94284D206500F7FBE6 /* Finz */ = {
			isa = PBXNativeTarget;
			buildConfigurationList = 4983CAB9284D206600F7FBE6 /* Build configuration list for PBXNativeTarget "Finz" */;
			buildPhases = (
				4983CA91284D206500F7FBE6 /* Sources */,
				4983CA92284D206500F7FBE6 /* Frameworks */,
				4983CA93284D206500F7FBE6 /* Resources */,
			);
			buildRules = (
			);
			dependencies = (
			);
			name = Finz;
			packageProductDependencies = (
				4983CAC3284D314600F7FBE6 /* GRDB */,
				4983CACA284D497900F7FBE6 /* GRDBQuery */,
				4983CACD284D504200F7FBE6 /* Pulse */,
				4983CACF284D504200F7FBE6 /* PulseCore */,
				4983CAD1284D504200F7FBE6 /* PulseUI */,
			);
			productName = Finz;
			productReference = 4983CA95284D206500F7FBE6 /* Finz.app */;
			productType = "com.apple.product-type.application";
		};
		4983CAA4284D206600F7FBE6 /* FinzTests */ = {
			isa = PBXNativeTarget;
			buildConfigurationList = 4983CABC284D206600F7FBE6 /* Build configuration list for PBXNativeTarget "FinzTests" */;
			buildPhases = (
				4983CAA1284D206600F7FBE6 /* Sources */,
				4983CAA2284D206600F7FBE6 /* Frameworks */,
				4983CAA3284D206600F7FBE6 /* Resources */,
			);
			buildRules = (
			);
			dependencies = (
				4983CAA7284D206600F7FBE6 /* PBXTargetDependency */,
			);
			name = FinzTests;
			productName = FinzTests;
			productReference = 4983CAA5284D206600F7FBE6 /* FinzTests.xctest */;
			productType = "com.apple.product-type.bundle.unit-test";
		};
		4983CAAE284D206600F7FBE6 /* FinzUITests */ = {
			isa = PBXNativeTarget;
			buildConfigurationList = 4983CABF284D206600F7FBE6 /* Build configuration list for PBXNativeTarget "FinzUITests" */;
			buildPhases = (
				4983CAAB284D206600F7FBE6 /* Sources */,
				4983CAAC284D206600F7FBE6 /* Frameworks */,
				4983CAAD284D206600F7FBE6 /* Resources */,
			);
			buildRules = (
			);
			dependencies = (
				4983CAB1284D206600F7FBE6 /* PBXTargetDependency */,
			);
			name = FinzUITests;
			productName = FinzUITests;
			productReference = 4983CAAF284D206600F7FBE6 /* FinzUITests.xctest */;
			productType = "com.apple.product-type.bundle.ui-testing";
		};
/* End PBXNativeTarget section */

/* Begin PBXProject section */
		4983CA8D284D206500F7FBE6 /* Project object */ = {
			isa = PBXProject;
			attributes = {
				BuildIndependentTargetsInParallel = 1;
				LastSwiftUpdateCheck = 1340;
				LastUpgradeCheck = 1340;
				TargetAttributes = {
					4983CA94284D206500F7FBE6 = {
						CreatedOnToolsVersion = 13.4.1;
					};
					4983CAA4284D206600F7FBE6 = {
						CreatedOnToolsVersion = 13.4.1;
						TestTargetID = 4983CA94284D206500F7FBE6;
					};
					4983CAAE284D206600F7FBE6 = {
						CreatedOnToolsVersion = 13.4.1;
						TestTargetID = 4983CA94284D206500F7FBE6;
					};
				};
			};
			buildConfigurationList = 4983CA90284D206500F7FBE6 /* Build configuration list for PBXProject "Finz" */;
			compatibilityVersion = "Xcode 13.0";
			developmentRegion = en;
			hasScannedForEncodings = 0;
			knownRegions = (
				en,
				Base,
			);
			mainGroup = 4983CA8C284D206500F7FBE6;
			packageReferences = (
				4983CAC2284D314600F7FBE6 /* XCRemoteSwiftPackageReference "GRDB.swift" */,
				4983CAC9284D497900F7FBE6 /* XCRemoteSwiftPackageReference "GRDBQuery" */,
				4983CACC284D504200F7FBE6 /* XCRemoteSwiftPackageReference "Pulse" */,
			);
			productRefGroup = 4983CA96284D206500F7FBE6 /* Products */;
			projectDirPath = "";
			projectRoot = "";
			targets = (
				4983CA94284D206500F7FBE6 /* Finz */,
				4983CAA4284D206600F7FBE6 /* FinzTests */,
				4983CAAE284D206600F7FBE6 /* FinzUITests */,
			);
		};
/* End PBXProject section */

/* Begin PBXResourcesBuildPhase section */
		4983CA93284D206500F7FBE6 /* Resources */ = {
			isa = PBXResourcesBuildPhase;
			buildActionMask = 2147483647;
			files = (
				4983CAA0284D206600F7FBE6 /* Preview Assets.xcassets in Resources */,
				4983CA9D284D206600F7FBE6 /* Assets.xcassets in Resources */,
			);
			runOnlyForDeploymentPostprocessing = 0;
		};
		4983CAA3284D206600F7FBE6 /* Resources */ = {
			isa = PBXResourcesBuildPhase;
			buildActionMask = 2147483647;
			files = (
			);
			runOnlyForDeploymentPostprocessing = 0;
		};
		4983CAAD284D206600F7FBE6 /* Resources */ = {
			isa = PBXResourcesBuildPhase;
			buildActionMask = 2147483647;
			files = (
			);
			runOnlyForDeploymentPostprocessing = 0;
		};
/* End PBXResourcesBuildPhase section */

/* Begin PBXSourcesBuildPhase section */
		4983CA91284D206500F7FBE6 /* Sources */ = {
			isa = PBXSourcesBuildPhase;
			buildActionMask = 2147483647;
			files = (
				49C990042851364E0057B302 /* BottomTabView.swift in Sources */,
				4983CAD8284D749B00F7FBE6 /* AppDelegate.swift in Sources */,
				49C99002285135E60057B302 /* AssetsView.swift in Sources */,
				4983CA9B284D206500F7FBE6 /* ContentView.swift in Sources */,
				4983CA99284D206500F7FBE6 /* FinzApp.swift in Sources */,
				49C9900828513B270057B302 /* TransactionsView.swift in Sources */,
				49C99006285137540057B302 /* SettingsView.swift in Sources */,
				4983CAC8284D34FE00F7FBE6 /* Account.swift in Sources */,
				4983CAD4284D530600F7FBE6 /* Category.swift in Sources */,
				49C9900C28513BF00057B302 /* AnalyticsView.swift in Sources */,
				4983CADC284D7CE600F7FBE6 /* Database.swift in Sources */,
				4983CAD6284D533A00F7FBE6 /* Transaction.swift in Sources */,
			);
			runOnlyForDeploymentPostprocessing = 0;
		};
		4983CAA1284D206600F7FBE6 /* Sources */ = {
			isa = PBXSourcesBuildPhase;
			buildActionMask = 2147483647;
			files = (
				4983CAAA284D206600F7FBE6 /* FinzTests.swift in Sources */,
			);
			runOnlyForDeploymentPostprocessing = 0;
		};
		4983CAAB284D206600F7FBE6 /* Sources */ = {
			isa = PBXSourcesBuildPhase;
			buildActionMask = 2147483647;
			files = (
				4983CAB4284D206600F7FBE6 /* FinzUITests.swift in Sources */,
				4983CAB6284D206600F7FBE6 /* FinzUITestsLaunchTests.swift in Sources */,
			);
			runOnlyForDeploymentPostprocessing = 0;
		};
/* End PBXSourcesBuildPhase section */

/* Begin PBXTargetDependency section */
		4983CAA7284D206600F7FBE6 /* PBXTargetDependency */ = {
			isa = PBXTargetDependency;
			target = 4983CA94284D206500F7FBE6 /* Finz */;
			targetProxy = 4983CAA6284D206600F7FBE6 /* PBXContainerItemProxy */;
		};
		4983CAB1284D206600F7FBE6 /* PBXTargetDependency */ = {
			isa = PBXTargetDependency;
			target = 4983CA94284D206500F7FBE6 /* Finz */;
			targetProxy = 4983CAB0284D206600F7FBE6 /* PBXContainerItemProxy */;
		};
/* End PBXTargetDependency section */

/* Begin XCBuildConfiguration section */
		4983CAB7284D206600F7FBE6 /* Debug */ = {
			isa = XCBuildConfiguration;
			buildSettings = {
				ALWAYS_SEARCH_USER_PATHS = NO;
				CLANG_ANALYZER_NONNULL = YES;
				CLANG_ANALYZER_NUMBER_OBJECT_CONVERSION = YES_AGGRESSIVE;
				CLANG_CXX_LANGUAGE_STANDARD = "gnu++17";
				CLANG_ENABLE_MODULES = YES;
				CLANG_ENABLE_OBJC_ARC = YES;
				CLANG_ENABLE_OBJC_WEAK = YES;
				CLANG_WARN_BLOCK_CAPTURE_AUTORELEASING = YES;
				CLANG_WARN_BOOL_CONVERSION = YES;
				CLANG_WARN_COMMA = YES;
				CLANG_WARN_CONSTANT_CONVERSION = YES;
				CLANG_WARN_DEPRECATED_OBJC_IMPLEMENTATIONS = YES;
				CLANG_WARN_DIRECT_OBJC_ISA_USAGE = YES_ERROR;
				CLANG_WARN_DOCUMENTATION_COMMENTS = YES;
				CLANG_WARN_EMPTY_BODY = YES;
				CLANG_WARN_ENUM_CONVERSION = YES;
				CLANG_WARN_INFINITE_RECURSION = YES;
				CLANG_WARN_INT_CONVERSION = YES;
				CLANG_WARN_NON_LITERAL_NULL_CONVERSION = YES;
				CLANG_WARN_OBJC_IMPLICIT_RETAIN_SELF = YES;
				CLANG_WARN_OBJC_LITERAL_CONVERSION = YES;
				CLANG_WARN_OBJC_ROOT_CLASS = YES_ERROR;
				CLANG_WARN_QUOTED_INCLUDE_IN_FRAMEWORK_HEADER = YES;
				CLANG_WARN_RANGE_LOOP_ANALYSIS = YES;
				CLANG_WARN_STRICT_PROTOTYPES = YES;
				CLANG_WARN_SUSPICIOUS_MOVE = YES;
				CLANG_WARN_UNGUARDED_AVAILABILITY = YES_AGGRESSIVE;
				CLANG_WARN_UNREACHABLE_CODE = YES;
				CLANG_WARN__DUPLICATE_METHOD_MATCH = YES;
				COPY_PHASE_STRIP = NO;
				DEBUG_INFORMATION_FORMAT = dwarf;
				ENABLE_STRICT_OBJC_MSGSEND = YES;
				ENABLE_TESTABILITY = YES;
				GCC_C_LANGUAGE_STANDARD = gnu11;
				GCC_DYNAMIC_NO_PIC = NO;
				GCC_NO_COMMON_BLOCKS = YES;
				GCC_OPTIMIZATION_LEVEL = 0;
				GCC_PREPROCESSOR_DEFINITIONS = (
					"DEBUG=1",
					"$(inherited)",
				);
				GCC_WARN_64_TO_32_BIT_CONVERSION = YES;
				GCC_WARN_ABOUT_RETURN_TYPE = YES_ERROR;
				GCC_WARN_UNDECLARED_SELECTOR = YES;
				GCC_WARN_UNINITIALIZED_AUTOS = YES_AGGRESSIVE;
				GCC_WARN_UNUSED_FUNCTION = YES;
				GCC_WARN_UNUSED_VARIABLE = YES;
				IPHONEOS_DEPLOYMENT_TARGET = 15.5;
				MTL_ENABLE_DEBUG_INFO = INCLUDE_SOURCE;
				MTL_FAST_MATH = YES;
				ONLY_ACTIVE_ARCH = YES;
				SDKROOT = iphoneos;
				SWIFT_ACTIVE_COMPILATION_CONDITIONS = DEBUG;
				SWIFT_OPTIMIZATION_LEVEL = "-Onone";
			};
			name = Debug;
		};
		4983CAB8284D206600F7FBE6 /* Release */ = {
			isa = XCBuildConfiguration;
			buildSettings = {
				ALWAYS_SEARCH_USER_PATHS = NO;
				CLANG_ANALYZER_NONNULL = YES;
				CLANG_ANALYZER_NUMBER_OBJECT_CONVERSION = YES_AGGRESSIVE;
				CLANG_CXX_LANGUAGE_STANDARD = "gnu++17";
				CLANG_ENABLE_MODULES = YES;
				CLANG_ENABLE_OBJC_ARC = YES;
				CLANG_ENABLE_OBJC_WEAK = YES;
				CLANG_WARN_BLOCK_CAPTURE_AUTORELEASING = YES;
				CLANG_WARN_BOOL_CONVERSION = YES;
				CLANG_WARN_COMMA = YES;
				CLANG_WARN_CONSTANT_CONVERSION = YES;
				CLANG_WARN_DEPRECATED_OBJC_IMPLEMENTATIONS = YES;
				CLANG_WARN_DIRECT_OBJC_ISA_USAGE = YES_ERROR;
				CLANG_WARN_DOCUMENTATION_COMMENTS = YES;
				CLANG_WARN_EMPTY_BODY = YES;
				CLANG_WARN_ENUM_CONVERSION = YES;
				CLANG_WARN_INFINITE_RECURSION = YES;
				CLANG_WARN_INT_CONVERSION = YES;
				CLANG_WARN_NON_LITERAL_NULL_CONVERSION = YES;
				CLANG_WARN_OBJC_IMPLICIT_RETAIN_SELF = YES;
				CLANG_WARN_OBJC_LITERAL_CONVERSION = YES;
				CLANG_WARN_OBJC_ROOT_CLASS = YES_ERROR;
				CLANG_WARN_QUOTED_INCLUDE_IN_FRAMEWORK_HEADER = YES;
				CLANG_WARN_RANGE_LOOP_ANALYSIS = YES;
				CLANG_WARN_STRICT_PROTOTYPES = YES;
				CLANG_WARN_SUSPICIOUS_MOVE = YES;
				CLANG_WARN_UNGUARDED_AVAILABILITY = YES_AGGRESSIVE;
				CLANG_WARN_UNREACHABLE_CODE = YES;
				CLANG_WARN__DUPLICATE_METHOD_MATCH = YES;
				COPY_PHASE_STRIP = NO;
				DEBUG_INFORMATION_FORMAT = "dwarf-with-dsym";
				ENABLE_NS_ASSERTIONS = NO;
				ENABLE_STRICT_OBJC_MSGSEND = YES;
				GCC_C_LANGUAGE_STANDARD = gnu11;
				GCC_NO_COMMON_BLOCKS = YES;
				GCC_WARN_64_TO_32_BIT_CONVERSION = YES;
				GCC_WARN_ABOUT_RETURN_TYPE = YES_ERROR;
				GCC_WARN_UNDECLARED_SELECTOR = YES;
				GCC_WARN_UNINITIALIZED_AUTOS = YES_AGGRESSIVE;
				GCC_WARN_UNUSED_FUNCTION = YES;
				GCC_WARN_UNUSED_VARIABLE = YES;
				IPHONEOS_DEPLOYMENT_TARGET = 15.5;
				MTL_ENABLE_DEBUG_INFO = NO;
				MTL_FAST_MATH = YES;
				SDKROOT = iphoneos;
				SWIFT_COMPILATION_MODE = wholemodule;
				SWIFT_OPTIMIZATION_LEVEL = "-O";
				VALIDATE_PRODUCT = YES;
			};
			name = Release;
		};
		4983CABA284D206600F7FBE6 /* Debug */ = {
			isa = XCBuildConfiguration;
			buildSettings = {
				ASSETCATALOG_COMPILER_APPICON_NAME = AppIcon;
				ASSETCATALOG_COMPILER_GLOBAL_ACCENT_COLOR_NAME = AccentColor;
				CODE_SIGN_STYLE = Automatic;
				CURRENT_PROJECT_VERSION = 1;
				DEVELOPMENT_ASSET_PATHS = "\"Finz/Preview Content\"";
				DEVELOPMENT_TEAM = HDU7SVF3ET;
				ENABLE_PREVIEWS = YES;
				GENERATE_INFOPLIST_FILE = YES;
				INFOPLIST_FILE = Finz/Info.plist;
				INFOPLIST_KEY_CFBundleDisplayName = Finz;
				INFOPLIST_KEY_LSApplicationCategoryType = "public.app-category.finance";
				INFOPLIST_KEY_NSLocalNetworkUsageDescription = "Network usage required for debugging purposes ";
				INFOPLIST_KEY_UIApplicationSceneManifest_Generation = YES;
				INFOPLIST_KEY_UIApplicationSupportsIndirectInputEvents = YES;
				INFOPLIST_KEY_UILaunchScreen_Generation = YES;
				INFOPLIST_KEY_UISupportedInterfaceOrientations = UIInterfaceOrientationPortrait;
				IPHONEOS_DEPLOYMENT_TARGET = 16.0;
				LD_RUNPATH_SEARCH_PATHS = (
					"$(inherited)",
					"@executable_path/Frameworks",
				);
				MARKETING_VERSION = 1.0;
				PRODUCT_BUNDLE_IDENTIFIER = dev.muchobien.finz;
				PRODUCT_NAME = "$(TARGET_NAME)";
				SWIFT_EMIT_LOC_STRINGS = YES;
				SWIFT_VERSION = 5.0;
				TARGETED_DEVICE_FAMILY = "1,2";
			};
			name = Debug;
		};
		4983CABB284D206600F7FBE6 /* Release */ = {
			isa = XCBuildConfiguration;
			buildSettings = {
				ASSETCATALOG_COMPILER_APPICON_NAME = AppIcon;
				ASSETCATALOG_COMPILER_GLOBAL_ACCENT_COLOR_NAME = AccentColor;
				CODE_SIGN_STYLE = Automatic;
				CURRENT_PROJECT_VERSION = 1;
				DEVELOPMENT_ASSET_PATHS = "\"Finz/Preview Content\"";
				DEVELOPMENT_TEAM = HDU7SVF3ET;
				ENABLE_PREVIEWS = YES;
				GENERATE_INFOPLIST_FILE = YES;
				INFOPLIST_FILE = Finz/Info.plist;
				INFOPLIST_KEY_CFBundleDisplayName = Finz;
				INFOPLIST_KEY_LSApplicationCategoryType = "public.app-category.finance";
				INFOPLIST_KEY_NSLocalNetworkUsageDescription = "Network usage required for debugging purposes ";
				INFOPLIST_KEY_UIApplicationSceneManifest_Generation = YES;
				INFOPLIST_KEY_UIApplicationSupportsIndirectInputEvents = YES;
				INFOPLIST_KEY_UILaunchScreen_Generation = YES;
				INFOPLIST_KEY_UISupportedInterfaceOrientations = UIInterfaceOrientationPortrait;
				IPHONEOS_DEPLOYMENT_TARGET = 16.0;
				LD_RUNPATH_SEARCH_PATHS = (
					"$(inherited)",
					"@executable_path/Frameworks",
				);
				MARKETING_VERSION = 1.0;
				PRODUCT_BUNDLE_IDENTIFIER = dev.muchobien.finz;
				PRODUCT_NAME = "$(TARGET_NAME)";
				SWIFT_EMIT_LOC_STRINGS = YES;
				SWIFT_VERSION = 5.0;
				TARGETED_DEVICE_FAMILY = "1,2";
			};
			name = Release;
		};
		4983CABD284D206600F7FBE6 /* Debug */ = {
			isa = XCBuildConfiguration;
			buildSettings = {
				ALWAYS_EMBED_SWIFT_STANDARD_LIBRARIES = YES;
				BUNDLE_LOADER = "$(TEST_HOST)";
				CODE_SIGN_STYLE = Automatic;
				CURRENT_PROJECT_VERSION = 1;
				DEVELOPMENT_TEAM = HDU7SVF3ET;
				GENERATE_INFOPLIST_FILE = YES;
				IPHONEOS_DEPLOYMENT_TARGET = 15.5;
				MARKETING_VERSION = 1.0;
				PRODUCT_BUNDLE_IDENTIFIER = dev.muchobien.FinzTests;
				PRODUCT_NAME = "$(TARGET_NAME)";
				SWIFT_EMIT_LOC_STRINGS = NO;
				SWIFT_VERSION = 5.0;
				TARGETED_DEVICE_FAMILY = "1,2";
				TEST_HOST = "$(BUILT_PRODUCTS_DIR)/Finz.app/Finz";
			};
			name = Debug;
		};
		4983CABE284D206600F7FBE6 /* Release */ = {
			isa = XCBuildConfiguration;
			buildSettings = {
				ALWAYS_EMBED_SWIFT_STANDARD_LIBRARIES = YES;
				BUNDLE_LOADER = "$(TEST_HOST)";
				CODE_SIGN_STYLE = Automatic;
				CURRENT_PROJECT_VERSION = 1;
				DEVELOPMENT_TEAM = HDU7SVF3ET;
				GENERATE_INFOPLIST_FILE = YES;
				IPHONEOS_DEPLOYMENT_TARGET = 15.5;
				MARKETING_VERSION = 1.0;
				PRODUCT_BUNDLE_IDENTIFIER = dev.muchobien.FinzTests;
				PRODUCT_NAME = "$(TARGET_NAME)";
				SWIFT_EMIT_LOC_STRINGS = NO;
				SWIFT_VERSION = 5.0;
				TARGETED_DEVICE_FAMILY = "1,2";
				TEST_HOST = "$(BUILT_PRODUCTS_DIR)/Finz.app/Finz";
			};
			name = Release;
		};
		4983CAC0284D206600F7FBE6 /* Debug */ = {
			isa = XCBuildConfiguration;
			buildSettings = {
				ALWAYS_EMBED_SWIFT_STANDARD_LIBRARIES = YES;
				CODE_SIGN_STYLE = Automatic;
				CURRENT_PROJECT_VERSION = 1;
				DEVELOPMENT_TEAM = HDU7SVF3ET;
				GENERATE_INFOPLIST_FILE = YES;
				MARKETING_VERSION = 1.0;
				PRODUCT_BUNDLE_IDENTIFIER = dev.muchobien.FinzUITests;
				PRODUCT_NAME = "$(TARGET_NAME)";
				SWIFT_EMIT_LOC_STRINGS = NO;
				SWIFT_VERSION = 5.0;
				TARGETED_DEVICE_FAMILY = "1,2";
				TEST_TARGET_NAME = Finz;
			};
			name = Debug;
		};
		4983CAC1284D206600F7FBE6 /* Release */ = {
			isa = XCBuildConfiguration;
			buildSettings = {
				ALWAYS_EMBED_SWIFT_STANDARD_LIBRARIES = YES;
				CODE_SIGN_STYLE = Automatic;
				CURRENT_PROJECT_VERSION = 1;
				DEVELOPMENT_TEAM = HDU7SVF3ET;
				GENERATE_INFOPLIST_FILE = YES;
				MARKETING_VERSION = 1.0;
				PRODUCT_BUNDLE_IDENTIFIER = dev.muchobien.FinzUITests;
				PRODUCT_NAME = "$(TARGET_NAME)";
				SWIFT_EMIT_LOC_STRINGS = NO;
				SWIFT_VERSION = 5.0;
				TARGETED_DEVICE_FAMILY = "1,2";
				TEST_TARGET_NAME = Finz;
			};
			name = Release;
		};
/* End XCBuildConfiguration section */

/* Begin XCConfigurationList section */
		4983CA90284D206500F7FBE6 /* Build configuration list for PBXProject "Finz" */ = {
			isa = XCConfigurationList;
			buildConfigurations = (
				4983CAB7284D206600F7FBE6 /* Debug */,
				4983CAB8284D206600F7FBE6 /* Release */,
			);
			defaultConfigurationIsVisible = 0;
			defaultConfigurationName = Release;
		};
		4983CAB9284D206600F7FBE6 /* Build configuration list for PBXNativeTarget "Finz" */ = {
			isa = XCConfigurationList;
			buildConfigurations = (
				4983CABA284D206600F7FBE6 /* Debug */,
				4983CABB284D206600F7FBE6 /* Release */,
			);
			defaultConfigurationIsVisible = 0;
			defaultConfigurationName = Release;
		};
		4983CABC284D206600F7FBE6 /* Build configuration list for PBXNativeTarget "FinzTests" */ = {
			isa = XCConfigurationList;
			buildConfigurations = (
				4983CABD284D206600F7FBE6 /* Debug */,
				4983CABE284D206600F7FBE6 /* Release */,
			);
			defaultConfigurationIsVisible = 0;
			defaultConfigurationName = Release;
		};
		4983CABF284D206600F7FBE6 /* Build configuration list for PBXNativeTarget "FinzUITests" */ = {
			isa = XCConfigurationList;
			buildConfigurations = (
				4983CAC0284D206600F7FBE6 /* Debug */,
				4983CAC1284D206600F7FBE6 /* Release */,
			);
			defaultConfigurationIsVisible = 0;
			defaultConfigurationName = Release;
		};
/* End XCConfigurationList section */

/* Begin XCRemoteSwiftPackageReference section */
		4983CAC2284D314600F7FBE6 /* XCRemoteSwiftPackageReference "GRDB.swift" */ = {
			isa = XCRemoteSwiftPackageReference;
			repositoryURL = "https://github.com/groue/GRDB.swift.git";
			requirement = {
				kind = upToNextMajorVersion;
				minimumVersion = 5.0.0;
			};
		};
		4983CAC9284D497900F7FBE6 /* XCRemoteSwiftPackageReference "GRDBQuery" */ = {
			isa = XCRemoteSwiftPackageReference;
			repositoryURL = "https://github.com/groue/GRDBQuery.git";
			requirement = {
				kind = upToNextMajorVersion;
				minimumVersion = 0.4.0;
			};
		};
		4983CACC284D504200F7FBE6 /* XCRemoteSwiftPackageReference "Pulse" */ = {
			isa = XCRemoteSwiftPackageReference;
			repositoryURL = "https://github.com/kean/Pulse";
			requirement = {
				kind = upToNextMajorVersion;
				minimumVersion = 1.0.0;
			};
		};
/* End XCRemoteSwiftPackageReference section */

/* Begin XCSwiftPackageProductDependency section */
		4983CAC3284D314600F7FBE6 /* GRDB */ = {
			isa = XCSwiftPackageProductDependency;
			package = 4983CAC2284D314600F7FBE6 /* XCRemoteSwiftPackageReference "GRDB.swift" */;
			productName = GRDB;
		};
		4983CACA284D497900F7FBE6 /* GRDBQuery */ = {
			isa = XCSwiftPackageProductDependency;
			package = 4983CAC9284D497900F7FBE6 /* XCRemoteSwiftPackageReference "GRDBQuery" */;
			productName = GRDBQuery;
		};
		4983CACD284D504200F7FBE6 /* Pulse */ = {
			isa = XCSwiftPackageProductDependency;
			package = 4983CACC284D504200F7FBE6 /* XCRemoteSwiftPackageReference "Pulse" */;
			productName = Pulse;
		};
		4983CACF284D504200F7FBE6 /* PulseCore */ = {
			isa = XCSwiftPackageProductDependency;
			package = 4983CACC284D504200F7FBE6 /* XCRemoteSwiftPackageReference "Pulse" */;
			productName = PulseCore;
		};
		4983CAD1284D504200F7FBE6 /* PulseUI */ = {
			isa = XCSwiftPackageProductDependency;
			package = 4983CACC284D504200F7FBE6 /* XCRemoteSwiftPackageReference "Pulse" */;
			productName = PulseUI;
		};
/* End XCSwiftPackageProductDependency section */
	};
	rootObject = 4983CA8D284D206500F7FBE6 /* Project object */;
}
